
Microsoft Visual Studio Solution File, Format Version 12.00
# Visual Studio 14
VisualStudioVersion = 14.0.25420.1
MinimumVisualStudioVersion = 10.0.40219.1
Project("{FAE04EC0-301F-11D3-BF4B-00C04F79EFBC}") = "Testing_1", "Testing_1\Testing_1.csproj", "{D90F783D-8679-4097-815C-38E5BD34E676}"
EndProject
Project("{FAE04EC0-301F-11D3-BF4B-00C04F79EFBC}") = "Testing_1.Tests", "Testing_1.Tests\Testing_1.Tests.csproj", "{8270FEDE-F714-4E8F-9A01-7B10B1CA52FD}"
EndProject
Global
	GlobalSection(SolutionConfigurationPlatforms) = preSolution
		Debug|Any CPU = Debug|Any CPU
		Release|Any CPU = Release|Any CPU
	EndGlobalSection
	GlobalSection(ProjectConfigurationPlatforms) = postSolution
		{D90F783D-8679-4097-815C-38E5BD34E676}.Debug|Any CPU.ActiveCfg = Debug|Any CPU
		{D90F783D-8679-4097-815C-38E5BD34E676}.Debug|Any CPU.Build.0 = Debug|Any CPU
		{D90F783D-8679-4097-815C-38E5BD34E676}.Release|Any CPU.ActiveCfg = Release|Any CPU
		{D90F783D-8679-4097-815C-38E5BD34E676}.Release|Any CPU.Build.0 = Release|Any CPU
		{8270FEDE-F714-4E8F-9A01-7B10B1CA52FD}.Debug|Any CPU.ActiveCfg = Debug|Any CPU
		{8270FEDE-F714-4E8F-9A01-7B10B1CA52FD}.Debug|Any CPU.Build.0 = Debug|Any CPU
		{8270FEDE-F714-4E8F-9A01-7B10B1CA52FD}.Release|Any CPU.ActiveCfg = Release|Any CPU
		{8270FEDE-F714-4E8F-9A01-7B10B1CA52FD}.Release|Any CPU.Build.0 = Release|Any CPU
	EndGlobalSection
	GlobalSection(SolutionProperties) = preSolution
		HideSolutionNode = FALSE
	EndGlobalSection
EndGlobal
